{
  "name": "purr.ide.ui",
  "lockfileVersion": 2,
  "requires": true,
  "packages": {
    "": {
      "dependencies": {
        "@codemirror/lang-css": "^6.0.0",
        "@codemirror/lang-html": "^6.1.0",
        "@codemirror/lang-javascript": "^6.0.2",
        "@codemirror/lang-json": "^6.0.0",
        "@codemirror/lang-markdown": "^6.0.1",
        "@codemirror/lang-xml": "^6.0.0",
        "@codemirror/state": "^6.1.1",
        "@codemirror/view": "^6.2.0",
        "codemirror": "^6.0.1"
      }
    },
    "node_modules/@codemirror/autocomplete": {
      "version": "6.1.0",
      "resolved": "https://registry.npmjs.org/@codemirror/autocomplete/-/autocomplete-6.1.0.tgz",
      "integrity": "sha512-wtO4O5WDyXhhCd4q4utDIDZxnQfmJ++3dGBCG9LMtI79+92OcA1DVk/n7BEupKmjIr8AzvptDz7YQ9ud6OkU+A==",
      "dependencies": {
        "@codemirror/language": "^6.0.0",
        "@codemirror/state": "^6.0.0",
        "@codemirror/view": "^6.0.0",
        "@lezer/common": "^1.0.0"
      },
      "peerDependencies": {
        "@codemirror/language": "^6.0.0",
        "@codemirror/state": "^6.0.0",
        "@codemirror/view": "^6.0.0",
        "@lezer/common": "^1.0.0"
      }
    },
    "node_modules/@codemirror/commands": {
      "version": "6.1.0",
      "resolved": "https://registry.npmjs.org/@codemirror/commands/-/commands-6.1.0.tgz",
      "integrity": "sha512-qCj2YqmbBjj0P1iumnlL5lBqZvJPzT+t2UvgjcaXErp5ZvMqFRVgQyrEfdXX6SX5UcvcHKBjXqno+MkUp0aYvQ==",
      "dependencies": {
        "@codemirror/language": "^6.0.0",
        "@codemirror/state": "^6.0.0",
        "@codemirror/view": "^6.0.0",
        "@lezer/common": "^1.0.0"
      }
    },
    "node_modules/@codemirror/lang-css": {
      "version": "6.0.0",
      "resolved": "https://registry.npmjs.org/@codemirror/lang-css/-/lang-css-6.0.0.tgz",
      "integrity": "sha512-jBqc+BTuwhNOTlrimFghLlSrN6iFuE44HULKWoR4qKYObhOIl9Lci1iYj6zMIte1XTQmZguNvjXMyr43LUKwSw==",
      "dependencies": {
        "@codemirror/autocomplete": "^6.0.0",
        "@codemirror/language": "^6.0.0",
        "@codemirror/state": "^6.0.0",
        "@lezer/css": "^1.0.0"
      }
    },
    "node_modules/@codemirror/lang-html": {
      "version": "6.1.0",
      "resolved": "https://registry.npmjs.org/@codemirror/lang-html/-/lang-html-6.1.0.tgz",
      "integrity": "sha512-gA7NmJxqvnhwza05CvR7W/39Ap9r/4Vs9uiC0IeFYo1hSlJzc/8N6Evviz6vTW1x8SpHcRYyqKOf6rpl6LfWtg==",
      "dependencies": {
        "@codemirror/autocomplete": "^6.0.0",
        "@codemirror/lang-css": "^6.0.0",
        "@codemirror/lang-javascript": "^6.0.0",
        "@codemirror/language": "^6.0.0",
        "@codemirror/state": "^6.0.0",
        "@lezer/common": "^1.0.0",
        "@lezer/html": "^1.0.0"
      }
    },
    "node_modules/@codemirror/lang-javascript": {
      "version": "6.0.2",
      "resolved": "https://registry.npmjs.org/@codemirror/lang-javascript/-/lang-javascript-6.0.2.tgz",
      "integrity": "sha512-BZRJ9u/zl16hLkSpDAWm73mrfIR7HJrr0lvnhoSOCQVea5BglguWI/slxexhvUb0CB5cXgKWuo2bM+N9EhIaZw==",
      "dependencies": {
        "@codemirror/autocomplete": "^6.0.0",
        "@codemirror/language": "^6.0.0",
        "@codemirror/lint": "^6.0.0",
        "@codemirror/state": "^6.0.0",
        "@codemirror/view": "^6.0.0",
        "@lezer/common": "^1.0.0",
        "@lezer/javascript": "^1.0.0"
      }
    },
    "node_modules/@codemirror/lang-json": {
      "version": "6.0.0",
      "resolved": "https://registry.npmjs.org/@codemirror/lang-json/-/lang-json-6.0.0.tgz",
      "integrity": "sha512-DvTcYTKLmg2viADXlTdufrT334M9jowe1qO02W28nvm+nejcvhM5vot5mE8/kPrxYw/HJHhwu1z2PyBpnMLCNQ==",
      "dependencies": {
        "@codemirror/language": "^6.0.0",
        "@lezer/json": "^1.0.0"
      }
    },
    "node_modules/@codemirror/lang-markdown": {
      "version": "6.0.1",
      "resolved": "https://registry.npmjs.org/@codemirror/lang-markdown/-/lang-markdown-6.0.1.tgz",
      "integrity": "sha512-pHPQuRwf9cUrmkmsTHRjtS9ZnGu3fA9YzAdh2++d+L9wbfnC2XbKh0Xvm/0YiUjdCnoCx9wDFEoCuAnkqKWLIw==",
      "dependencies": {
        "@codemirror/lang-html": "^6.0.0",
        "@codemirror/language": "^6.0.0",
        "@codemirror/state": "^6.0.0",
        "@codemirror/view": "^6.0.0",
        "@lezer/common": "^1.0.0",
        "@lezer/markdown": "^1.0.0"
      }
    },
    "node_modules/@codemirror/lang-xml": {
      "version": "6.0.0",
      "resolved": "https://registry.npmjs.org/@codemirror/lang-xml/-/lang-xml-6.0.0.tgz",
      "integrity": "sha512-M/HLWxIiP956xGjtrxkeHkCmDGVQGKu782x8pOH5CLJIMkWtiB1DWfDoDHqpFjdEE9dkfcqPWvYfVi6GbhuXEg==",
      "dependencies": {
        "@codemirror/autocomplete": "^6.0.0",
        "@codemirror/language": "^6.0.0",
        "@codemirror/state": "^6.0.0",
        "@lezer/common": "^1.0.0",
        "@lezer/xml": "^1.0.0"
      }
    },
    "node_modules/@codemirror/language": {
      "version": "6.2.1",
      "resolved": "https://registry.npmjs.org/@codemirror/language/-/language-6.2.1.tgz",
      "integrity": "sha512-MC3svxuvIj0MRpFlGHxLS6vPyIdbTr2KKPEW46kCoCXw2ktb4NTkpkPBI/lSP/FoNXLCBJ0mrnUi1OoZxtpW1Q==",
      "dependencies": {
        "@codemirror/state": "^6.0.0",
        "@codemirror/view": "^6.0.0",
        "@lezer/common": "^1.0.0",
        "@lezer/highlight": "^1.0.0",
        "@lezer/lr": "^1.0.0",
        "style-mod": "^4.0.0"
      }
    },
    "node_modules/@codemirror/lint": {
      "version": "6.0.0",
      "resolved": "https://registry.npmjs.org/@codemirror/lint/-/lint-6.0.0.tgz",
      "integrity": "sha512-nUUXcJW1Xp54kNs+a1ToPLK8MadO0rMTnJB8Zk4Z8gBdrN0kqV7uvUraU/T2yqg+grDNR38Vmy/MrhQN/RgwiA==",
      "dependencies": {
        "@codemirror/state": "^6.0.0",
        "@codemirror/view": "^6.0.0",
        "crelt": "^1.0.5"
      }
    },
    "node_modules/@codemirror/search": {
      "version": "6.1.0",
      "resolved": "https://registry.npmjs.org/@codemirror/search/-/search-6.1.0.tgz",
      "integrity": "sha512-ye6m0jFHSgQ4qnfWVwArvm7XrCMNppMYnL5f4M0WdBScslnckomf5eVacYCw8P0UBWeq72lCSXA0/eo1piZxLA==",
      "dependencies": {
        "@codemirror/state": "^6.0.0",
        "@codemirror/view": "^6.0.0",
        "crelt": "^1.0.5"
      }
    },
    "node_modules/@codemirror/state": {
      "version": "6.1.1",
      "resolved": "https://registry.npmjs.org/@codemirror/state/-/state-6.1.1.tgz",
      "integrity": "sha512-2s+aXsxmAwnR3Rd+JDHPG/1lw0YsA9PEwl7Re88gHJHGfxyfEzKBmsN4rr53RyPIR4lzbbhJX0DCq0WlqlBIRw=="
    },
    "node_modules/@codemirror/view": {
      "version": "6.2.0",
      "resolved": "https://registry.npmjs.org/@codemirror/view/-/view-6.2.0.tgz",
      "integrity": "sha512-3emW1symh+GoteFMBPsltjmF790U/trouLILATh3JodbF/z98HvcQh2g3+H6dfNIHx16uNonsAF4mNzVr1TJNA==",
      "dependencies": {
        "@codemirror/state": "^6.0.0",
        "style-mod": "^4.0.0",
        "w3c-keyname": "^2.2.4"
      }
    },
    "node_modules/@lezer/common": {
      "version": "1.0.0",
      "resolved": "https://registry.npmjs.org/@lezer/common/-/common-1.0.0.tgz",
      "integrity": "sha512-ohydQe+Hb+w4oMDvXzs8uuJd2NoA3D8YDcLiuDsLqH+yflDTPEpgCsWI3/6rH5C3BAedtH1/R51dxENldQceEA=="
    },
    "node_modules/@lezer/css": {
      "version": "1.0.0",
      "resolved": "https://registry.npmjs.org/@lezer/css/-/css-1.0.0.tgz",
      "integrity": "sha512-616VqgDKumHmYIuxs3tnX1irEQmoDHgF/TlP4O5ICWwyHwLMErq+8iKVuzTkOdBqvYAVmObqThcDEAaaMJjAdg==",
      "dependencies": {
        "@lezer/highlight": "^1.0.0",
        "@lezer/lr": "^1.0.0"
      }
    },
    "node_modules/@lezer/highlight": {
      "version": "1.0.0",
      "resolved": "https://registry.npmjs.org/@lezer/highlight/-/highlight-1.0.0.tgz",
      "integrity": "sha512-nsCnNtim90UKsB5YxoX65v3GEIw3iCHw9RM2DtdgkiqAbKh9pCdvi8AWNwkYf10Lu6fxNhXPpkpHbW6mihhvJA==",
      "dependencies": {
        "@lezer/common": "^1.0.0"
      }
    },
    "node_modules/@lezer/html": {
      "version": "1.0.1",
      "resolved": "https://registry.npmjs.org/@lezer/html/-/html-1.0.1.tgz",
      "integrity": "sha512-sC00zEt3GBh3vVO6QaGX4YZCl41S9dHWN/WGBsDixy9G+sqOC7gsa4cxA/fmRVAiBvhqYkJk+5Ul4oul92CPVw==",
      "dependencies": {
        "@lezer/common": "^1.0.0",
        "@lezer/highlight": "^1.0.0",
        "@lezer/lr": "^1.0.0"
      }
    },
    "node_modules/@lezer/javascript": {
      "version": "1.0.2",
      "resolved": "https://registry.npmjs.org/@lezer/javascript/-/javascript-1.0.2.tgz",
      "integrity": "sha512-IjOVeIRhM8IuafWNnk+UzRz7p4/JSOKBNINLYLsdSGuJS9Ju7vFdc82AlTt0jgtV5D8eBZf4g0vK4d3ttBNz7A==",
      "dependencies": {
        "@lezer/highlight": "^1.0.0",
        "@lezer/lr": "^1.0.0"
      }
    },
    "node_modules/@lezer/json": {
      "version": "1.0.0",
      "resolved": "https://registry.npmjs.org/@lezer/json/-/json-1.0.0.tgz",
      "integrity": "sha512-zbAuUY09RBzCoCA3lJ1+ypKw5WSNvLqGMtasdW6HvVOqZoCpPr8eWrsGnOVWGKGn8Rh21FnrKRVlJXrGAVUqRw==",
      "dependencies": {
        "@lezer/highlight": "^1.0.0",
        "@lezer/lr": "^1.0.0"
      }
    },
    "node_modules/@lezer/lr": {
      "version": "1.2.3",
      "resolved": "https://registry.npmjs.org/@lezer/lr/-/lr-1.2.3.tgz",
      "integrity": "sha512-qpB7rBzH8f6Mzjv2AVZRahcm+2Cf7nbIH++uXbvVOL1yIRvVWQ3HAM/saeBLCyz/togB7LGo76qdJYL1uKQlqA==",
      "dependencies": {
        "@lezer/common": "^1.0.0"
      }
    },
    "node_modules/@lezer/markdown": {
      "version": "1.0.1",
      "resolved": "https://registry.npmjs.org/@lezer/markdown/-/markdown-1.0.1.tgz",
      "integrity": "sha512-LlpNWLqes3XQvd8TwpJTHf9ENl4fI6H32xQkMgltUITFMMdQpOASXQtDawWR03yS6hskh4bkhATQbgjdGMoUvA==",
      "dependencies": {
        "@lezer/common": "^1.0.0",
        "@lezer/highlight": "^1.0.0"
      }
    },
    "node_modules/@lezer/xml": {
      "version": "1.0.0",
      "resolved": "https://registry.npmjs.org/@lezer/xml/-/xml-1.0.0.tgz",
      "integrity": "sha512-73iI9UK8iqSvWtLlOEl/g+50ivwQn8Ge6foHVN66AXUS1RccFnAoc7BYU8b3c8/rP6dfCOGqAGaWLxBzhj60MA==",
      "dependencies": {
        "@lezer/highlight": "^1.0.0",
        "@lezer/lr": "^1.0.0"
      }
    },
    "node_modules/codemirror": {
      "version": "6.0.1",
      "resolved": "https://registry.npmjs.org/codemirror/-/codemirror-6.0.1.tgz",
      "integrity": "sha512-J8j+nZ+CdWmIeFIGXEFbFPtpiYacFMDR8GlHK3IyHQJMCaVRfGx9NT+Hxivv1ckLWPvNdZqndbr/7lVhrf/Svg==",
      "dependencies": {
        "@codemirror/autocomplete": "^6.0.0",
        "@codemirror/commands": "^6.0.0",
        "@codemirror/language": "^6.0.0",
        "@codemirror/lint": "^6.0.0",
        "@codemirror/search": "^6.0.0",
        "@codemirror/state": "^6.0.0",
        "@codemirror/view": "^6.0.0"
      }
    },
    "node_modules/crelt": {
      "version": "1.0.5",
      "resolved": "https://registry.npmjs.org/crelt/-/crelt-1.0.5.tgz",
      "integrity": "sha512-+BO9wPPi+DWTDcNYhr/W90myha8ptzftZT+LwcmUbbok0rcP/fequmFYCw8NMoH7pkAZQzU78b3kYrlua5a9eA=="
    },
    "node_modules/style-mod": {
      "version": "4.0.0",
      "resolved": "https://registry.npmjs.org/style-mod/-/style-mod-4.0.0.tgz",
      "integrity": "sha512-OPhtyEjyyN9x3nhPsu76f52yUGXiZcgvsrFVtvTkyGRQJ0XK+GPc6ov1z+lRpbeabka+MYEQxOYRnt5nF30aMw=="
    },
    "node_modules/w3c-keyname": {
      "version": "2.2.6",
      "resolved": "https://registry.npmjs.org/w3c-keyname/-/w3c-keyname-2.2.6.tgz",
      "integrity": "sha512-f+fciywl1SJEniZHD6H+kUO8gOnwIr7f4ijKA6+ZvJFjeGi1r4PDLl53Ayud9O/rk64RqgoQine0feoeOU0kXg=="
    }
  },
  "dependencies": {
    "@codemirror/autocomplete": {
      "version": "6.1.0",
      "resolved": "https://registry.npmjs.org/@codemirror/autocomplete/-/autocomplete-6.1.0.tgz",
      "integrity": "sha512-wtO4O5WDyXhhCd4q4utDIDZxnQfmJ++3dGBCG9LMtI79+92OcA1DVk/n7BEupKmjIr8AzvptDz7YQ9ud6OkU+A==",
      "requires": {
        "@codemirror/language": "^6.0.0",
        "@codemirror/state": "^6.0.0",
        "@codemirror/view": "^6.0.0",
        "@lezer/common": "^1.0.0"
      }
    },
    "@codemirror/commands": {
      "version": "6.1.0",
      "resolved": "https://registry.npmjs.org/@codemirror/commands/-/commands-6.1.0.tgz",
      "integrity": "sha512-qCj2YqmbBjj0P1iumnlL5lBqZvJPzT+t2UvgjcaXErp5ZvMqFRVgQyrEfdXX6SX5UcvcHKBjXqno+MkUp0aYvQ==",
      "requires": {
        "@codemirror/language": "^6.0.0",
        "@codemirror/state": "^6.0.0",
        "@codemirror/view": "^6.0.0",
        "@lezer/common": "^1.0.0"
      }
    },
    "@codemirror/lang-css": {
      "version": "6.0.0",
      "resolved": "https://registry.npmjs.org/@codemirror/lang-css/-/lang-css-6.0.0.tgz",
      "integrity": "sha512-jBqc+BTuwhNOTlrimFghLlSrN6iFuE44HULKWoR4qKYObhOIl9Lci1iYj6zMIte1XTQmZguNvjXMyr43LUKwSw==",
      "requires": {
        "@codemirror/autocomplete": "^6.0.0",
        "@codemirror/language": "^6.0.0",
        "@codemirror/state": "^6.0.0",
        "@lezer/css": "^1.0.0"
      }
    },
    "@codemirror/lang-html": {
      "version": "6.1.0",
      "resolved": "https://registry.npmjs.org/@codemirror/lang-html/-/lang-html-6.1.0.tgz",
      "integrity": "sha512-gA7NmJxqvnhwza05CvR7W/39Ap9r/4Vs9uiC0IeFYo1hSlJzc/8N6Evviz6vTW1x8SpHcRYyqKOf6rpl6LfWtg==",
      "requires": {
        "@codemirror/autocomplete": "^6.0.0",
        "@codemirror/lang-css": "^6.0.0",
        "@codemirror/lang-javascript": "^6.0.0",
        "@codemirror/language": "^6.0.0",
        "@codemirror/state": "^6.0.0",
        "@lezer/common": "^1.0.0",
        "@lezer/html": "^1.0.0"
      }
    },
    "@codemirror/lang-javascript": {
      "version": "6.0.2",
      "resolved": "https://registry.npmjs.org/@codemirror/lang-javascript/-/lang-javascript-6.0.2.tgz",
      "integrity": "sha512-BZRJ9u/zl16hLkSpDAWm73mrfIR7HJrr0lvnhoSOCQVea5BglguWI/slxexhvUb0CB5cXgKWuo2bM+N9EhIaZw==",
      "requires": {
        "@codemirror/autocomplete": "^6.0.0",
        "@codemirror/language": "^6.0.0",
        "@codemirror/lint": "^6.0.0",
        "@codemirror/state": "^6.0.0",
        "@codemirror/view": "^6.0.0",
        "@lezer/common": "^1.0.0",
        "@lezer/javascript": "^1.0.0"
      }
    },
    "@codemirror/lang-json": {
      "version": "6.0.0",
      "resolved": "https://registry.npmjs.org/@codemirror/lang-json/-/lang-json-6.0.0.tgz",
      "integrity": "sha512-DvTcYTKLmg2viADXlTdufrT334M9jowe1qO02W28nvm+nejcvhM5vot5mE8/kPrxYw/HJHhwu1z2PyBpnMLCNQ==",
      "requires": {
        "@codemirror/language": "^6.0.0",
        "@lezer/json": "^1.0.0"
      }
    },
    "@codemirror/lang-markdown": {
      "version": "6.0.1",
      "resolved": "https://registry.npmjs.org/@codemirror/lang-markdown/-/lang-markdown-6.0.1.tgz",
      "integrity": "sha512-pHPQuRwf9cUrmkmsTHRjtS9ZnGu3fA9YzAdh2++d+L9wbfnC2XbKh0Xvm/0YiUjdCnoCx9wDFEoCuAnkqKWLIw==",
      "requires": {
        "@codemirror/lang-html": "^6.0.0",
        "@codemirror/language": "^6.0.0",
        "@codemirror/state": "^6.0.0",
        "@codemirror/view": "^6.0.0",
        "@lezer/common": "^1.0.0",
        "@lezer/markdown": "^1.0.0"
      }
    },
    "@codemirror/lang-xml": {
      "version": "6.0.0",
      "resolved": "https://registry.npmjs.org/@codemirror/lang-xml/-/lang-xml-6.0.0.tgz",
      "integrity": "sha512-M/HLWxIiP956xGjtrxkeHkCmDGVQGKu782x8pOH5CLJIMkWtiB1DWfDoDHqpFjdEE9dkfcqPWvYfVi6GbhuXEg==",
      "requires": {
        "@codemirror/autocomplete": "^6.0.0",
        "@codemirror/language": "^6.0.0",
        "@codemirror/state": "^6.0.0",
        "@lezer/common": "^1.0.0",
        "@lezer/xml": "^1.0.0"
      }
    },
    "@codemirror/language": {
      "version": "6.2.1",
      "resolved": "https://registry.npmjs.org/@codemirror/language/-/language-6.2.1.tgz",
      "integrity": "sha512-MC3svxuvIj0MRpFlGHxLS6vPyIdbTr2KKPEW46kCoCXw2ktb4NTkpkPBI/lSP/FoNXLCBJ0mrnUi1OoZxtpW1Q==",
      "requires": {
        "@codemirror/state": "^6.0.0",
        "@codemirror/view": "^6.0.0",
        "@lezer/common": "^1.0.0",
        "@lezer/highlight": "^1.0.0",
        "@lezer/lr": "^1.0.0",
        "style-mod": "^4.0.0"
      }
    },
    "@codemirror/lint": {
      "version": "6.0.0",
      "resolved": "https://registry.npmjs.org/@codemirror/lint/-/lint-6.0.0.tgz",
      "integrity": "sha512-nUUXcJW1Xp54kNs+a1ToPLK8MadO0rMTnJB8Zk4Z8gBdrN0kqV7uvUraU/T2yqg+grDNR38Vmy/MrhQN/RgwiA==",
      "requires": {
        "@codemirror/state": "^6.0.0",
        "@codemirror/view": "^6.0.0",
        "crelt": "^1.0.5"
      }
    },
    "@codemirror/search": {
      "version": "6.1.0",
      "resolved": "https://registry.npmjs.org/@codemirror/search/-/search-6.1.0.tgz",
      "integrity": "sha512-ye6m0jFHSgQ4qnfWVwArvm7XrCMNppMYnL5f4M0WdBScslnckomf5eVacYCw8P0UBWeq72lCSXA0/eo1piZxLA==",
      "requires": {
        "@codemirror/state": "^6.0.0",
        "@codemirror/view": "^6.0.0",
        "crelt": "^1.0.5"
      }
    },
    "@codemirror/state": {
      "version": "6.1.1",
      "resolved": "https://registry.npmjs.org/@codemirror/state/-/state-6.1.1.tgz",
      "integrity": "sha512-2s+aXsxmAwnR3Rd+JDHPG/1lw0YsA9PEwl7Re88gHJHGfxyfEzKBmsN4rr53RyPIR4lzbbhJX0DCq0WlqlBIRw=="
    },
    "@codemirror/view": {
      "version": "6.2.0",
      "resolved": "https://registry.npmjs.org/@codemirror/view/-/view-6.2.0.tgz",
      "integrity": "sha512-3emW1symh+GoteFMBPsltjmF790U/trouLILATh3JodbF/z98HvcQh2g3+H6dfNIHx16uNonsAF4mNzVr1TJNA==",
      "requires": {
        "@codemirror/state": "^6.0.0",
        "style-mod": "^4.0.0",
        "w3c-keyname": "^2.2.4"
      }
    },
    "@lezer/common": {
      "version": "1.0.0",
      "resolved": "https://registry.npmjs.org/@lezer/common/-/common-1.0.0.tgz",
      "integrity": "sha512-ohydQe+Hb+w4oMDvXzs8uuJd2NoA3D8YDcLiuDsLqH+yflDTPEpgCsWI3/6rH5C3BAedtH1/R51dxENldQceEA=="
    },
    "@lezer/css": {
      "version": "1.0.0",
      "resolved": "https://registry.npmjs.org/@lezer/css/-/css-1.0.0.tgz",
      "integrity": "sha512-616VqgDKumHmYIuxs3tnX1irEQmoDHgF/TlP4O5ICWwyHwLMErq+8iKVuzTkOdBqvYAVmObqThcDEAaaMJjAdg==",
      "requires": {
        "@lezer/highlight": "^1.0.0",
        "@lezer/lr": "^1.0.0"
      }
    },
    "@lezer/highlight": {
      "version": "1.0.0",
      "resolved": "https://registry.npmjs.org/@lezer/highlight/-/highlight-1.0.0.tgz",
      "integrity": "sha512-nsCnNtim90UKsB5YxoX65v3GEIw3iCHw9RM2DtdgkiqAbKh9pCdvi8AWNwkYf10Lu6fxNhXPpkpHbW6mihhvJA==",
      "requires": {
        "@lezer/common": "^1.0.0"
      }
    },
    "@lezer/html": {
      "version": "1.0.1",
      "resolved": "https://registry.npmjs.org/@lezer/html/-/html-1.0.1.tgz",
      "integrity": "sha512-sC00zEt3GBh3vVO6QaGX4YZCl41S9dHWN/WGBsDixy9G+sqOC7gsa4cxA/fmRVAiBvhqYkJk+5Ul4oul92CPVw==",
      "requires": {
        "@lezer/common": "^1.0.0",
        "@lezer/highlight": "^1.0.0",
        "@lezer/lr": "^1.0.0"
      }
    },
    "@lezer/javascript": {
      "version": "1.0.2",
      "resolved": "https://registry.npmjs.org/@lezer/javascript/-/javascript-1.0.2.tgz",
      "integrity": "sha512-IjOVeIRhM8IuafWNnk+UzRz7p4/JSOKBNINLYLsdSGuJS9Ju7vFdc82AlTt0jgtV5D8eBZf4g0vK4d3ttBNz7A==",
      "requires": {
        "@lezer/highlight": "^1.0.0",
        "@lezer/lr": "^1.0.0"
      }
    },
    "@lezer/json": {
      "version": "1.0.0",
      "resolved": "https://registry.npmjs.org/@lezer/json/-/json-1.0.0.tgz",
      "integrity": "sha512-zbAuUY09RBzCoCA3lJ1+ypKw5WSNvLqGMtasdW6HvVOqZoCpPr8eWrsGnOVWGKGn8Rh21FnrKRVlJXrGAVUqRw==",
      "requires": {
        "@lezer/highlight": "^1.0.0",
        "@lezer/lr": "^1.0.0"
      }
    },
    "@lezer/lr": {
      "version": "1.2.3",
      "resolved": "https://registry.npmjs.org/@lezer/lr/-/lr-1.2.3.tgz",
      "integrity": "sha512-qpB7rBzH8f6Mzjv2AVZRahcm+2Cf7nbIH++uXbvVOL1yIRvVWQ3HAM/saeBLCyz/togB7LGo76qdJYL1uKQlqA==",
      "requires": {
        "@lezer/common": "^1.0.0"
      }
    },
    "@lezer/markdown": {
      "version": "1.0.1",
      "resolved": "https://registry.npmjs.org/@lezer/markdown/-/markdown-1.0.1.tgz",
      "integrity": "sha512-LlpNWLqes3XQvd8TwpJTHf9ENl4fI6H32xQkMgltUITFMMdQpOASXQtDawWR03yS6hskh4bkhATQbgjdGMoUvA==",
      "requires": {
        "@lezer/common": "^1.0.0",
        "@lezer/highlight": "^1.0.0"
      }
    },
    "@lezer/xml": {
      "version": "1.0.0",
      "resolved": "https://registry.npmjs.org/@lezer/xml/-/xml-1.0.0.tgz",
      "integrity": "sha512-73iI9UK8iqSvWtLlOEl/g+50ivwQn8Ge6foHVN66AXUS1RccFnAoc7BYU8b3c8/rP6dfCOGqAGaWLxBzhj60MA==",
      "requires": {
        "@lezer/highlight": "^1.0.0",
        "@lezer/lr": "^1.0.0"
      }
    },
    "codemirror": {
      "version": "6.0.1",
      "resolved": "https://registry.npmjs.org/codemirror/-/codemirror-6.0.1.tgz",
      "integrity": "sha512-J8j+nZ+CdWmIeFIGXEFbFPtpiYacFMDR8GlHK3IyHQJMCaVRfGx9NT+Hxivv1ckLWPvNdZqndbr/7lVhrf/Svg==",
      "requires": {
        "@codemirror/autocomplete": "^6.0.0",
        "@codemirror/commands": "^6.0.0",
        "@codemirror/language": "^6.0.0",
        "@codemirror/lint": "^6.0.0",
        "@codemirror/search": "^6.0.0",
        "@codemirror/state": "^6.0.0",
        "@codemirror/view": "^6.0.0"
      }
    },
    "crelt": {
      "version": "1.0.5",
      "resolved": "https://registry.npmjs.org/crelt/-/crelt-1.0.5.tgz",
      "integrity": "sha512-+BO9wPPi+DWTDcNYhr/W90myha8ptzftZT+LwcmUbbok0rcP/fequmFYCw8NMoH7pkAZQzU78b3kYrlua5a9eA=="
    },
    "style-mod": {
      "version": "4.0.0",
      "resolved": "https://registry.npmjs.org/style-mod/-/style-mod-4.0.0.tgz",
      "integrity": "sha512-OPhtyEjyyN9x3nhPsu76f52yUGXiZcgvsrFVtvTkyGRQJ0XK+GPc6ov1z+lRpbeabka+MYEQxOYRnt5nF30aMw=="
    },
    "w3c-keyname": {
      "version": "2.2.6",
      "resolved": "https://registry.npmjs.org/w3c-keyname/-/w3c-keyname-2.2.6.tgz",
      "integrity": "sha512-f+fciywl1SJEniZHD6H+kUO8gOnwIr7f4ijKA6+ZvJFjeGi1r4PDLl53Ayud9O/rk64RqgoQine0feoeOU0kXg=="
    }
  }
}
